
Microsoft Visual Studio Solution File, Format Version 12.00
# Visual Studio Version 16
VisualStudioVersion = 16.0.31321.278
MinimumVisualStudioVersion = 10.0.40219.1
Project("{FAE04EC0-301F-11D3-BF4B-00C04F79EFBC}") = "assignment1_archi", "assignment1_archi\assignment1_archi.csproj", "{024D50E6-C35E-49A9-A814-C399B1C2BEE0}"
EndProject
Global
	GlobalSection(SolutionConfigurationPlatforms) = preSolution
		Debug|Any CPU = Debug|Any CPU
		Release|Any CPU = Release|Any CPU
	EndGlobalSection
	GlobalSection(ProjectConfigurationPlatforms) = postSolution
		{024D50E6-C35E-49A9-A814-C399B1C2BEE0}.Debug|Any CPU.ActiveCfg = Debug|Any CPU
		{024D50E6-C35E-49A9-A814-C399B1C2BEE0}.Debug|Any CPU.Build.0 = Debug|Any CPU
		{024D50E6-C35E-49A9-A814-C399B1C2BEE0}.Release|Any CPU.ActiveCfg = Release|Any CPU
		{024D50E6-C35E-49A9-A814-C399B1C2BEE0}.Release|Any CPU.Build.0 = Release|Any CPU
	EndGlobalSection
	GlobalSection(SolutionProperties) = preSolution
		HideSolutionNode = FALSE
	EndGlobalSection
	GlobalSection(ExtensibilityGlobals) = postSolution
		SolutionGuid = {56E3122B-AFED-4FFB-A448-8E119A4A8439}
	EndGlobalSection
EndGlobal
